
Microsoft Visual Studio Solution File, Format Version 12.00
# Visual Studio Version 17
VisualStudioVersion = 17.11.35222.181
MinimumVisualStudioVersion = 10.0.40219.1
Project("{9A19103F-16F7-4668-BE54-9A1E7A4F7556}") = "BLL", "BLL\BLL.csproj", "{86498172-7A21-49E1-8D09-3AB6491BBE60}"
EndProject
Project("{FAE04EC0-301F-11D3-BF4B-00C04F79EFBC}") = "BAL", "BAL\BAL.csproj", "{7CA9D796-F5AC-40E0-8B27-EA95BD364A0B}"
EndProject
Project("{FAE04EC0-301F-11D3-BF4B-00C04F79EFBC}") = "GUI", "GUI\GUI.csproj", "{4E493275-FDAD-43F8-A96C-EB8E5D53FE1F}"
EndProject
Global
	GlobalSection(SolutionConfigurationPlatforms) = preSolution
		Debug|Any CPU = Debug|Any CPU
		Release|Any CPU = Release|Any CPU
	EndGlobalSection
	GlobalSection(ProjectConfigurationPlatforms) = postSolution
		{86498172-7A21-49E1-8D09-3AB6491BBE60}.Debug|Any CPU.ActiveCfg = Debug|Any CPU
		{86498172-7A21-49E1-8D09-3AB6491BBE60}.Debug|Any CPU.Build.0 = Debug|Any CPU
		{86498172-7A21-49E1-8D09-3AB6491BBE60}.Release|Any CPU.ActiveCfg = Release|Any CPU
		{86498172-7A21-49E1-8D09-3AB6491BBE60}.Release|Any CPU.Build.0 = Release|Any CPU
		{7CA9D796-F5AC-40E0-8B27-EA95BD364A0B}.Debug|Any CPU.ActiveCfg = Debug|Any CPU
		{7CA9D796-F5AC-40E0-8B27-EA95BD364A0B}.Debug|Any CPU.Build.0 = Debug|Any CPU
		{7CA9D796-F5AC-40E0-8B27-EA95BD364A0B}.Release|Any CPU.ActiveCfg = Release|Any CPU
		{7CA9D796-F5AC-40E0-8B27-EA95BD364A0B}.Release|Any CPU.Build.0 = Release|Any CPU
		{4E493275-FDAD-43F8-A96C-EB8E5D53FE1F}.Debug|Any CPU.ActiveCfg = Debug|Any CPU
		{4E493275-FDAD-43F8-A96C-EB8E5D53FE1F}.Debug|Any CPU.Build.0 = Debug|Any CPU
		{4E493275-FDAD-43F8-A96C-EB8E5D53FE1F}.Release|Any CPU.ActiveCfg = Release|Any CPU
		{4E493275-FDAD-43F8-A96C-EB8E5D53FE1F}.Release|Any CPU.Build.0 = Release|Any CPU
	EndGlobalSection
	GlobalSection(SolutionProperties) = preSolution
		HideSolutionNode = FALSE
	EndGlobalSection
	GlobalSection(ExtensibilityGlobals) = postSolution
		SolutionGuid = {3D4C98C2-E85E-4D81-8E0F-D3C4B6FAC478}
	EndGlobalSection
EndGlobal
