
Microsoft Visual Studio Solution File, Format Version 12.00
# Visual Studio Version 17
VisualStudioVersion = 17.11.35222.181
MinimumVisualStudioVersion = 10.0.40219.1
Project("{FAE04EC0-301F-11D3-BF4B-00C04F79EFBC}") = "GUI", "GUI\GUI.csproj", "{4E493275-FDAD-43F8-A96C-EB8E5D53FE1F}"
EndProject
Project("{FAE04EC0-301F-11D3-BF4B-00C04F79EFBC}") = "DAL", "DAL\DAL.csproj", "{570D5922-29C8-4EC8-8047-6D53ABDDF2FC}"
EndProject
Project("{FAE04EC0-301F-11D3-BF4B-00C04F79EFBC}") = "BUS", "BUS\BUS.csproj", "{6D090567-0C5B-4BD3-AFFF-4E164ACE82A4}"
EndProject
Global
	GlobalSection(SolutionConfigurationPlatforms) = preSolution
		Debug|Any CPU = Debug|Any CPU
		Release|Any CPU = Release|Any CPU
	EndGlobalSection
	GlobalSection(ProjectConfigurationPlatforms) = postSolution
		{4E493275-FDAD-43F8-A96C-EB8E5D53FE1F}.Debug|Any CPU.ActiveCfg = Debug|Any CPU
		{4E493275-FDAD-43F8-A96C-EB8E5D53FE1F}.Debug|Any CPU.Build.0 = Debug|Any CPU
		{4E493275-FDAD-43F8-A96C-EB8E5D53FE1F}.Release|Any CPU.ActiveCfg = Release|Any CPU
		{4E493275-FDAD-43F8-A96C-EB8E5D53FE1F}.Release|Any CPU.Build.0 = Release|Any CPU
		{570D5922-29C8-4EC8-8047-6D53ABDDF2FC}.Debug|Any CPU.ActiveCfg = Debug|Any CPU
		{570D5922-29C8-4EC8-8047-6D53ABDDF2FC}.Debug|Any CPU.Build.0 = Debug|Any CPU
		{570D5922-29C8-4EC8-8047-6D53ABDDF2FC}.Release|Any CPU.ActiveCfg = Release|Any CPU
		{570D5922-29C8-4EC8-8047-6D53ABDDF2FC}.Release|Any CPU.Build.0 = Release|Any CPU
		{6D090567-0C5B-4BD3-AFFF-4E164ACE82A4}.Debug|Any CPU.ActiveCfg = Debug|Any CPU
		{6D090567-0C5B-4BD3-AFFF-4E164ACE82A4}.Debug|Any CPU.Build.0 = Debug|Any CPU
		{6D090567-0C5B-4BD3-AFFF-4E164ACE82A4}.Release|Any CPU.ActiveCfg = Release|Any CPU
		{6D090567-0C5B-4BD3-AFFF-4E164ACE82A4}.Release|Any CPU.Build.0 = Release|Any CPU
	EndGlobalSection
	GlobalSection(SolutionProperties) = preSolution
		HideSolutionNode = FALSE
	EndGlobalSection
	GlobalSection(ExtensibilityGlobals) = postSolution
		SolutionGuid = {3D4C98C2-E85E-4D81-8E0F-D3C4B6FAC478}
	EndGlobalSection
EndGlobal
